{
  "requires": true,
  "lockfileVersion": 1,
  "dependencies": {
    "@microblink/blinkid-in-browser-sdk": {
      "version": "5.15.0",
      "resolved": "https://registry.npmjs.org/@microblink/blinkid-in-browser-sdk/-/blinkid-in-browser-sdk-5.15.0.tgz",
      "integrity": "sha512-3+vZQ09Z5HqV3mIlvRXDwvUSOGPnCjL/SDl6FjWzmbbHKbUEYO8KNRDlNWraBRv/fn6WIH4OiA023wJfLgMPYw=="
    }
  }
}
